
Microsoft Visual Studio Solution File, Format Version 12.00
# Visual Studio Version 16
VisualStudioVersion = 16.0.30320.27
MinimumVisualStudioVersion = 10.0.40219.1
Project("{FAE04EC0-301F-11D3-BF4B-00C04F79EFBC}") = "GeorgianGroceries", "GeorgianGroceries.csproj", "{189E03A9-94B6-4F94-946C-B6F596F4B778}"
EndProject
Global
	GlobalSection(SolutionConfigurationPlatforms) = preSolution
		Debug|Any CPU = Debug|Any CPU
		Release|Any CPU = Release|Any CPU
	EndGlobalSection
	GlobalSection(ProjectConfigurationPlatforms) = postSolution
		{189E03A9-94B6-4F94-946C-B6F596F4B778}.Debug|Any CPU.ActiveCfg = Debug|Any CPU
		{189E03A9-94B6-4F94-946C-B6F596F4B778}.Debug|Any CPU.Build.0 = Debug|Any CPU
		{189E03A9-94B6-4F94-946C-B6F596F4B778}.Release|Any CPU.ActiveCfg = Release|Any CPU
		{189E03A9-94B6-4F94-946C-B6F596F4B778}.Release|Any CPU.Build.0 = Release|Any CPU
	EndGlobalSection
	GlobalSection(SolutionProperties) = preSolution
		HideSolutionNode = FALSE
	EndGlobalSection
	GlobalSection(ExtensibilityGlobals) = postSolution
		SolutionGuid = {91ADB116-716A-4D82-8C30-AA3AEA85C8BB}
	EndGlobalSection
EndGlobal
